
Microsoft Visual Studio Solution File, Format Version 12.00
# Visual Studio 2013
VisualStudioVersion = 12.0.21005.1
MinimumVisualStudioVersion = 10.0.40219.1
Project("{FAE04EC0-301F-11D3-BF4B-00C04F79EFBC}") = "siteVote", "siteVote\siteVote.csproj", "{7CAA0A9E-7EF4-440D-969B-D35B007416EA}"
EndProject
Project("{FAE04EC0-301F-11D3-BF4B-00C04F79EFBC}") = "siteVote.Tests", "siteVote.Tests\siteVote.Tests.csproj", "{83EB19F6-3454-4C94-B609-F3968EFD9728}"
EndProject
Global
	GlobalSection(SolutionConfigurationPlatforms) = preSolution
		Debug|Any CPU = Debug|Any CPU
		Release|Any CPU = Release|Any CPU
	EndGlobalSection
	GlobalSection(ProjectConfigurationPlatforms) = postSolution
		{7CAA0A9E-7EF4-440D-969B-D35B007416EA}.Debug|Any CPU.ActiveCfg = Debug|Any CPU
		{7CAA0A9E-7EF4-440D-969B-D35B007416EA}.Debug|Any CPU.Build.0 = Debug|Any CPU
		{7CAA0A9E-7EF4-440D-969B-D35B007416EA}.Release|Any CPU.ActiveCfg = Release|Any CPU
		{7CAA0A9E-7EF4-440D-969B-D35B007416EA}.Release|Any CPU.Build.0 = Release|Any CPU
		{83EB19F6-3454-4C94-B609-F3968EFD9728}.Debug|Any CPU.ActiveCfg = Debug|Any CPU
		{83EB19F6-3454-4C94-B609-F3968EFD9728}.Debug|Any CPU.Build.0 = Debug|Any CPU
		{83EB19F6-3454-4C94-B609-F3968EFD9728}.Release|Any CPU.ActiveCfg = Release|Any CPU
		{83EB19F6-3454-4C94-B609-F3968EFD9728}.Release|Any CPU.Build.0 = Release|Any CPU
	EndGlobalSection
	GlobalSection(SolutionProperties) = preSolution
		HideSolutionNode = FALSE
	EndGlobalSection
EndGlobal
